
Microsoft Visual Studio Solution File, Format Version 12.00
# Visual Studio Version 16
VisualStudioVersion = 16.0.29709.97
MinimumVisualStudioVersion = 10.0.40219.1
Project("{FAE04EC0-301F-11D3-BF4B-00C04F79EFBC}") = "Amap2DMap", "Amap2DMap\Amap2DMap.csproj", "{2F1B8A83-5DAF-4CC1-9871-600F2C98D195}"
EndProject
Project("{FAE04EC0-301F-11D3-BF4B-00C04F79EFBC}") = "AMapDemo", "AMapDemo\AMapDemo.csproj", "{27E2B509-DACD-406B-994E-9661F72E81B1}"
EndProject
Project("{FAE04EC0-301F-11D3-BF4B-00C04F79EFBC}") = "AMapLocation", "AMapLocation\AMapLocation.csproj", "{455C3C48-BECA-42C7-8E05-024C51E32E8B}"
EndProject
Project("{FAE04EC0-301F-11D3-BF4B-00C04F79EFBC}") = "AMapSearch", "AMapSearch\AMapSearch.csproj", "{D9229129-2C5E-41D9-B480-61600F9D79A0}"
EndProject
Project("{FAE04EC0-301F-11D3-BF4B-00C04F79EFBC}") = "AMap3DMap", "AMap3DMap\AMap3DMap.csproj", "{F65F645A-164A-43D0-9620-9FBAD152593D}"
EndProject
Global
	GlobalSection(SolutionConfigurationPlatforms) = preSolution
		Debug|Any CPU = Debug|Any CPU
		Release|Any CPU = Release|Any CPU
	EndGlobalSection
	GlobalSection(ProjectConfigurationPlatforms) = postSolution
		{2F1B8A83-5DAF-4CC1-9871-600F2C98D195}.Debug|Any CPU.ActiveCfg = Debug|Any CPU
		{2F1B8A83-5DAF-4CC1-9871-600F2C98D195}.Debug|Any CPU.Build.0 = Debug|Any CPU
		{2F1B8A83-5DAF-4CC1-9871-600F2C98D195}.Release|Any CPU.ActiveCfg = Release|Any CPU
		{2F1B8A83-5DAF-4CC1-9871-600F2C98D195}.Release|Any CPU.Build.0 = Release|Any CPU
		{27E2B509-DACD-406B-994E-9661F72E81B1}.Debug|Any CPU.ActiveCfg = Debug|Any CPU
		{27E2B509-DACD-406B-994E-9661F72E81B1}.Debug|Any CPU.Build.0 = Debug|Any CPU
		{27E2B509-DACD-406B-994E-9661F72E81B1}.Debug|Any CPU.Deploy.0 = Debug|Any CPU
		{27E2B509-DACD-406B-994E-9661F72E81B1}.Release|Any CPU.ActiveCfg = Release|Any CPU
		{27E2B509-DACD-406B-994E-9661F72E81B1}.Release|Any CPU.Build.0 = Release|Any CPU
		{27E2B509-DACD-406B-994E-9661F72E81B1}.Release|Any CPU.Deploy.0 = Release|Any CPU
		{455C3C48-BECA-42C7-8E05-024C51E32E8B}.Debug|Any CPU.ActiveCfg = Debug|Any CPU
		{455C3C48-BECA-42C7-8E05-024C51E32E8B}.Debug|Any CPU.Build.0 = Debug|Any CPU
		{455C3C48-BECA-42C7-8E05-024C51E32E8B}.Release|Any CPU.ActiveCfg = Release|Any CPU
		{455C3C48-BECA-42C7-8E05-024C51E32E8B}.Release|Any CPU.Build.0 = Release|Any CPU
		{D9229129-2C5E-41D9-B480-61600F9D79A0}.Debug|Any CPU.ActiveCfg = Debug|Any CPU
		{D9229129-2C5E-41D9-B480-61600F9D79A0}.Debug|Any CPU.Build.0 = Debug|Any CPU
		{D9229129-2C5E-41D9-B480-61600F9D79A0}.Release|Any CPU.ActiveCfg = Release|Any CPU
		{D9229129-2C5E-41D9-B480-61600F9D79A0}.Release|Any CPU.Build.0 = Release|Any CPU
		{F65F645A-164A-43D0-9620-9FBAD152593D}.Debug|Any CPU.ActiveCfg = Debug|Any CPU
		{F65F645A-164A-43D0-9620-9FBAD152593D}.Debug|Any CPU.Build.0 = Debug|Any CPU
		{F65F645A-164A-43D0-9620-9FBAD152593D}.Release|Any CPU.ActiveCfg = Release|Any CPU
		{F65F645A-164A-43D0-9620-9FBAD152593D}.Release|Any CPU.Build.0 = Release|Any CPU
	EndGlobalSection
	GlobalSection(SolutionProperties) = preSolution
		HideSolutionNode = FALSE
	EndGlobalSection
	GlobalSection(ExtensibilityGlobals) = postSolution
		SolutionGuid = {8BA802CF-4AE9-439E-9CC1-AB0C58516965}
	EndGlobalSection
EndGlobal
